
Microsoft Visual Studio Solution File, Format Version 12.00
# Visual Studio 15
VisualStudioVersion = 15.0.28010.2048
MinimumVisualStudioVersion = 10.0.40219.1
Project("{FAE04EC0-301F-11D3-BF4B-00C04F79EFBC}") = "Polymorphism", "Ploy\Polymorphism.csproj", "{2EE166E1-850C-4CC3-A70D-A0AA99CDE14B}"
EndProject
Global
	GlobalSection(SolutionConfigurationPlatforms) = preSolution
		Debug|Any CPU = Debug|Any CPU
		Release|Any CPU = Release|Any CPU
	EndGlobalSection
	GlobalSection(ProjectConfigurationPlatforms) = postSolution
		{2EE166E1-850C-4CC3-A70D-A0AA99CDE14B}.Debug|Any CPU.ActiveCfg = Debug|Any CPU
		{2EE166E1-850C-4CC3-A70D-A0AA99CDE14B}.Debug|Any CPU.Build.0 = Debug|Any CPU
		{2EE166E1-850C-4CC3-A70D-A0AA99CDE14B}.Release|Any CPU.ActiveCfg = Release|Any CPU
		{2EE166E1-850C-4CC3-A70D-A0AA99CDE14B}.Release|Any CPU.Build.0 = Release|Any CPU
	EndGlobalSection
	GlobalSection(SolutionProperties) = preSolution
		HideSolutionNode = FALSE
	EndGlobalSection
	GlobalSection(ExtensibilityGlobals) = postSolution
		SolutionGuid = {09E81055-2AB8-410A-9B98-1BAA481BF128}
	EndGlobalSection
EndGlobal
